
Microsoft Visual Studio Solution File, Format Version 12.00
# Visual Studio Version 17
VisualStudioVersion = 17.7.34202.233
MinimumVisualStudioVersion = 10.0.40219.1
Project("{9A19103F-16F7-4668-BE54-9A1E7A4F7556}") = "PresentationLayer", "PresentationLayer\PresentationLayer.csproj", "{B8E765E7-B126-4D0B-AB56-A3D3C37C1CB3}"
EndProject
Project("{9A19103F-16F7-4668-BE54-9A1E7A4F7556}") = "DataLayer", "DataLayer\DataLayer.csproj", "{3E1D0084-428C-47EB-AB7A-9050A99E0B87}"
EndProject
Project("{9A19103F-16F7-4668-BE54-9A1E7A4F7556}") = "BusinessLayer", "BusinessLayer\BusinessLayer.csproj", "{602F088F-FF83-4ABE-960F-BCE16D0DE642}"
EndProject
Project("{FAE04EC0-301F-11D3-BF4B-00C04F79EFBC}") = "Tests", "Tests\Tests.csproj", "{0C7C3057-B28C-45DB-B2E7-77F8EF1657A3}"
EndProject
Global
	GlobalSection(SolutionConfigurationPlatforms) = preSolution
		Debug|Any CPU = Debug|Any CPU
		Release|Any CPU = Release|Any CPU
	EndGlobalSection
	GlobalSection(ProjectConfigurationPlatforms) = postSolution
		{B8E765E7-B126-4D0B-AB56-A3D3C37C1CB3}.Debug|Any CPU.ActiveCfg = Debug|Any CPU
		{B8E765E7-B126-4D0B-AB56-A3D3C37C1CB3}.Debug|Any CPU.Build.0 = Debug|Any CPU
		{B8E765E7-B126-4D0B-AB56-A3D3C37C1CB3}.Release|Any CPU.ActiveCfg = Release|Any CPU
		{B8E765E7-B126-4D0B-AB56-A3D3C37C1CB3}.Release|Any CPU.Build.0 = Release|Any CPU
		{3E1D0084-428C-47EB-AB7A-9050A99E0B87}.Debug|Any CPU.ActiveCfg = Debug|Any CPU
		{3E1D0084-428C-47EB-AB7A-9050A99E0B87}.Debug|Any CPU.Build.0 = Debug|Any CPU
		{3E1D0084-428C-47EB-AB7A-9050A99E0B87}.Release|Any CPU.ActiveCfg = Release|Any CPU
		{3E1D0084-428C-47EB-AB7A-9050A99E0B87}.Release|Any CPU.Build.0 = Release|Any CPU
		{602F088F-FF83-4ABE-960F-BCE16D0DE642}.Debug|Any CPU.ActiveCfg = Debug|Any CPU
		{602F088F-FF83-4ABE-960F-BCE16D0DE642}.Debug|Any CPU.Build.0 = Debug|Any CPU
		{602F088F-FF83-4ABE-960F-BCE16D0DE642}.Release|Any CPU.ActiveCfg = Release|Any CPU
		{602F088F-FF83-4ABE-960F-BCE16D0DE642}.Release|Any CPU.Build.0 = Release|Any CPU
		{0C7C3057-B28C-45DB-B2E7-77F8EF1657A3}.Debug|Any CPU.ActiveCfg = Debug|Any CPU
		{0C7C3057-B28C-45DB-B2E7-77F8EF1657A3}.Debug|Any CPU.Build.0 = Debug|Any CPU
		{0C7C3057-B28C-45DB-B2E7-77F8EF1657A3}.Release|Any CPU.ActiveCfg = Release|Any CPU
		{0C7C3057-B28C-45DB-B2E7-77F8EF1657A3}.Release|Any CPU.Build.0 = Release|Any CPU
	EndGlobalSection
	GlobalSection(SolutionProperties) = preSolution
		HideSolutionNode = FALSE
	EndGlobalSection
	GlobalSection(ExtensibilityGlobals) = postSolution
		SolutionGuid = {CAB6F48F-22E9-47DE-A78B-FD08556A2A53}
	EndGlobalSection
EndGlobal
